{
  "version": 2,
  "dependencies": {
    ".NETStandard,Version=v2.1": {
      "Microsoft.Extensions.DependencyInjection.Abstractions": {
        "type": "Transitive",
        "resolved": "10.0.11",
        "contentHash": "/a1aJz4m7ylhEDf25ugQChLQoN5XwoGjWw/BoR/ZWWKsO1v4DdJElS1uyngahz4B/eOzjFk1KNTkarRLE5wsIg=="
      },
      "Microsoft.Extensions.Logging.Abstractions": {
        "type": "Transitive",
        "resolved": "10.0.11",
        "contentHash": "Ljd0Uxoq5XpScD2Bg0nM/r3mwx7Ao5Uq24eo2ARxbGvqJ7Zht6rt2cJtwVRH4Cv+1ZVMdXz6TB43KbpmsxRrvQ==",
        "dependencies": {
          "Microsoft.Extensions.DependencyInjection.Abstractions": "10.0.11",
          "System.Diagnostics.DiagnosticSource": "10.0.11"
        }
      },
      "System.Diagnostics.DiagnosticSource": {
        "type": "Transitive",
        "resolved": "10.0.11",
        "contentHash": "QoXcAdDhBudxorzYF1F5Uo7FY0CSWgmTjqVRJjcQaYAkbO3dCPXDJajJwyApTGHCJ+T5PfVyKZqXEKZ8PH+UWQ==",
        "dependencies": {
          "System.Runtime.CompilerServices.Unsafe": "6.1.2"
        }
      },
      "System.Runtime.CompilerServices.Unsafe": {
        "type": "Transitive",
        "resolved": "6.1.2",
        "contentHash": "2hBr6zdbIBTDE3EhK7NSVNdX58uTK6iHW/P/Axmm9sl1xoGSLqDvMtpecn226TNwHByFokYwJmt/aQQNlO5CRw=="
      },
      "System.Threading.Channels": {
        "type": "Transitive",
        "resolved": "10.0.0",
        "contentHash": "fwRdkJpKisUEVNaEdsL5w5EwidzuVw0BOTfzDvYB1Yg8sq1pqNfUZxBOVFgSj6i6tNhpT3HP8BEDXf1+kFkTDA=="
      },
      "lumio.gameruntime.command": {
        "type": "Project",
        "dependencies": {
          "Lumio.GameRuntime.Ecs": "[0.1.0, )",
          "Lumio.GameRuntime.Observability": "[0.1.0, )",
          "Lumio.GameRuntime.Primitives": "[0.1.0, )"
        }
      },
      "lumio.gameruntime.config": {
        "type": "Project",
        "dependencies": {
          "Lumio.GameRuntime.Observability": "[0.1.0, )",
          "Lumio.GameRuntime.Primitives": "[0.1.0, )"
        }
      },
      "lumio.gameruntime.coordination": {
        "type": "Project",
        "dependencies": {
          "Lumio.GameRuntime.Command": "[0.1.0, )",
          "Lumio.GameRuntime.Ecs": "[0.1.0, )",
          "Lumio.GameRuntime.Observability": "[0.1.0, )",
          "Lumio.GameRuntime.Primitives": "[0.1.0, )"
        }
      },
      "lumio.gameruntime.ecs": {
        "type": "Project",
        "dependencies": {
          "Lumio.GameRuntime.Primitives": "[0.1.0, )",
          "Microsoft.Extensions.Logging.Abstractions": "[10.0.11, )"
        }
      },
      "lumio.gameruntime.gas": {
        "type": "Project",
        "dependencies": {
          "Lumio.GameRuntime.Command": "[0.1.0, )",
          "Lumio.GameRuntime.Config": "[0.1.0, )",
          "Lumio.GameRuntime.Ecs": "[0.1.0, )",
          "Lumio.GameRuntime.Observability": "[0.1.0, )",
          "Lumio.GameRuntime.Primitives": "[0.1.0, )"
        }
      },
      "lumio.gameruntime.observability": {
        "type": "Project",
        "dependencies": {
          "Lumio.GameRuntime.Primitives": "[0.1.0, )",
          "System.Threading.Channels": "[10.0.0, )"
        }
      },
      "lumio.gameruntime.persistence": {
        "type": "Project",
        "dependencies": {
          "Lumio.GameRuntime.Ecs": "[0.1.0, )",
          "Lumio.GameRuntime.Primitives": "[0.1.0, )",
          "Microsoft.Extensions.Logging.Abstractions": "[10.0.11, )"
        }
      },
      "lumio.gameruntime.primitives": {
        "type": "Project"
      },
      "lumio.gameruntime.replication": {
        "type": "Project",
        "dependencies": {
          "Lumio.GameRuntime.Command": "[0.1.0, )",
          "Lumio.GameRuntime.Config": "[0.1.0, )",
          "Lumio.GameRuntime.Coordination": "[0.1.0, )",
          "Lumio.GameRuntime.Ecs": "[0.1.0, )",
          "Lumio.GameRuntime.Gas": "[0.1.0, )",
          "Lumio.GameRuntime.Observability": "[0.1.0, )",
          "Lumio.GameRuntime.Primitives": "[0.1.0, )"
        }
      },
      "lumio.gameruntime.samples.username.server": {
        "type": "Project",
        "dependencies": {
          "Lumio.GameRuntime.Ecs": "[0.1.0, )",
          "Lumio.GameRuntime.Simulation": "[0.1.0, )"
        }
      },
      "lumio.gameruntime.simulation": {
        "type": "Project",
        "dependencies": {
          "Lumio.GameRuntime.Command": "[0.1.0, )",
          "Lumio.GameRuntime.Config": "[0.1.0, )",
          "Lumio.GameRuntime.Coordination": "[0.1.0, )",
          "Lumio.GameRuntime.Ecs": "[0.1.0, )",
          "Lumio.GameRuntime.Gas": "[0.1.0, )",
          "Lumio.GameRuntime.Observability": "[0.1.0, )",
          "Lumio.GameRuntime.Persistence": "[0.1.0, )",
          "Lumio.GameRuntime.Primitives": "[0.1.0, )",
          "Lumio.GameRuntime.Replication": "[0.1.0, )",
          "System.Threading.Channels": "[10.0.0, )"
        }
      }
    },
    "net10.0": {
      "Microsoft.Extensions.DependencyInjection.Abstractions": {
        "type": "Transitive",
        "resolved": "10.0.11",
        "contentHash": "/a1aJz4m7ylhEDf25ugQChLQoN5XwoGjWw/BoR/ZWWKsO1v4DdJElS1uyngahz4B/eOzjFk1KNTkarRLE5wsIg=="
      },
      "Microsoft.Extensions.Logging.Abstractions": {
        "type": "Transitive",
        "resolved": "10.0.11",
        "contentHash": "Ljd0Uxoq5XpScD2Bg0nM/r3mwx7Ao5Uq24eo2ARxbGvqJ7Zht6rt2cJtwVRH4Cv+1ZVMdXz6TB43KbpmsxRrvQ==",
        "dependencies": {
          "Microsoft.Extensions.DependencyInjection.Abstractions": "10.0.11"
        }
      },
      "lumio.engine.nativeloader": {
        "type": "Project",
        "dependencies": {
          "Lumio.Engine.NativeLoader.Hfsm": "[1.0.0, )",
          "Microsoft.Extensions.Logging.Abstractions": "[10.0.11, )"
        }
      },
      "lumio.engine.nativeloader.hfsm": {
        "type": "Project"
      },
      "lumio.gameruntime.command": {
        "type": "Project",
        "dependencies": {
          "Lumio.GameRuntime.Ecs": "[0.1.0, )",
          "Lumio.GameRuntime.Observability": "[0.1.0, )",
          "Lumio.GameRuntime.Primitives": "[0.1.0, )"
        }
      },
      "lumio.gameruntime.config": {
        "type": "Project",
        "dependencies": {
          "Lumio.GameRuntime.Observability": "[0.1.0, )",
          "Lumio.GameRuntime.Primitives": "[0.1.0, )"
        }
      },
      "lumio.gameruntime.coordination": {
        "type": "Project",
        "dependencies": {
          "Lumio.GameRuntime.Command": "[0.1.0, )",
          "Lumio.GameRuntime.Ecs": "[0.1.0, )",
          "Lumio.GameRuntime.Observability": "[0.1.0, )",
          "Lumio.GameRuntime.Primitives": "[0.1.0, )"
        }
      },
      "lumio.gameruntime.coordination.voxeladapters": {
        "type": "Project",
        "dependencies": {
          "Lumio.Engine.NativeLoader": "[1.0.0, )",
          "Lumio.GameRuntime.Coordination": "[0.1.0, )",
          "Lumio.GameRuntime.Primitives": "[0.1.0, )"
        }
      },
      "lumio.gameruntime.ecs": {
        "type": "Project",
        "dependencies": {
          "Lumio.Engine.NativeLoader": "[1.0.0, )",
          "Lumio.GameRuntime.Primitives": "[0.1.0, )",
          "Microsoft.Extensions.Logging.Abstractions": "[10.0.11, )"
        }
      },
      "lumio.gameruntime.gas": {
        "type": "Project",
        "dependencies": {
          "Lumio.GameRuntime.Command": "[0.1.0, )",
          "Lumio.GameRuntime.Config": "[0.1.0, )",
          "Lumio.GameRuntime.Ecs": "[0.1.0, )",
          "Lumio.GameRuntime.Observability": "[0.1.0, )",
          "Lumio.GameRuntime.Primitives": "[0.1.0, )"
        }
      },
      "lumio.gameruntime.observability": {
        "type": "Project",
        "dependencies": {
          "Lumio.GameRuntime.Primitives": "[0.1.0, )"
        }
      },
      "lumio.gameruntime.persistence": {
        "type": "Project",
        "dependencies": {
          "Lumio.GameRuntime.Ecs": "[0.1.0, )",
          "Lumio.GameRuntime.Primitives": "[0.1.0, )",
          "Microsoft.Extensions.Logging.Abstractions": "[10.0.11, )"
        }
      },
      "lumio.gameruntime.primitives": {
        "type": "Project"
      },
      "lumio.gameruntime.replication": {
        "type": "Project",
        "dependencies": {
          "Lumio.GameRuntime.Command": "[0.1.0, )",
          "Lumio.GameRuntime.Config": "[0.1.0, )",
          "Lumio.GameRuntime.Coordination": "[0.1.0, )",
          "Lumio.GameRuntime.Ecs": "[0.1.0, )",
          "Lumio.GameRuntime.Gas": "[0.1.0, )",
          "Lumio.GameRuntime.Observability": "[0.1.0, )",
          "Lumio.GameRuntime.Primitives": "[0.1.0, )"
        }
      },
      "lumio.gameruntime.samples.username.server": {
        "type": "Project",
        "dependencies": {
          "Lumio.GameRuntime.Ecs": "[0.1.0, )",
          "Lumio.GameRuntime.Simulation": "[0.1.0, )"
        }
      },
      "lumio.gameruntime.simulation": {
        "type": "Project",
        "dependencies": {
          "Lumio.Engine.NativeLoader": "[1.0.0, )",
          "Lumio.GameRuntime.Command": "[0.1.0, )",
          "Lumio.GameRuntime.Config": "[0.1.0, )",
          "Lumio.GameRuntime.Coordination": "[0.1.0, )",
          "Lumio.GameRuntime.Coordination.VoxelAdapters": "[0.1.0, )",
          "Lumio.GameRuntime.Ecs": "[0.1.0, )",
          "Lumio.GameRuntime.Gas": "[0.1.0, )",
          "Lumio.GameRuntime.Observability": "[0.1.0, )",
          "Lumio.GameRuntime.Persistence": "[0.1.0, )",
          "Lumio.GameRuntime.Primitives": "[0.1.0, )",
          "Lumio.GameRuntime.Replication": "[0.1.0, )"
        }
      }
    }
  }
}